
Microsoft Visual Studio Solution File, Format Version 12.00
# Visual Studio Version 17
VisualStudioVersion = 17.4.33110.190
MinimumVisualStudioVersion = 10.0.40219.1
Project("{FAE04EC0-301F-11D3-BF4B-00C04F79EFBC}") = "BspFileScanner", "BspFileScanner\BspFileScanner.csproj", "{740C03B7-B7D4-400D-A6C1-89B3D1A4F08D}"
EndProject
Global
	GlobalSection(SolutionConfigurationPlatforms) = preSolution
		Debug|Any CPU = Debug|Any CPU
		Release|Any CPU = Release|Any CPU
	EndGlobalSection
	GlobalSection(ProjectConfigurationPlatforms) = postSolution
		{740C03B7-B7D4-400D-A6C1-89B3D1A4F08D}.Debug|Any CPU.ActiveCfg = Debug|Any CPU
		{740C03B7-B7D4-400D-A6C1-89B3D1A4F08D}.Debug|Any CPU.Build.0 = Debug|Any CPU
		{740C03B7-B7D4-400D-A6C1-89B3D1A4F08D}.Release|Any CPU.ActiveCfg = Release|Any CPU
		{740C03B7-B7D4-400D-A6C1-89B3D1A4F08D}.Release|Any CPU.Build.0 = Release|Any CPU
	EndGlobalSection
	GlobalSection(SolutionProperties) = preSolution
		HideSolutionNode = FALSE
	EndGlobalSection
	GlobalSection(ExtensibilityGlobals) = postSolution
		SolutionGuid = {5EBEEDB1-AC52-4A8E-9BEE-E4A04D501EF3}
	EndGlobalSection
EndGlobal
